
Microsoft Visual Studio Solution File, Format Version 12.00
# Visual Studio 15
VisualStudioVersion = 15.0.27130.2036
MinimumVisualStudioVersion = 10.0.40219.1
Project("{FAE04EC0-301F-11D3-BF4B-00C04F79EFBC}") = "Library.API", "Library.API\Library.API.csproj", "{4D73E634-FF28-42FC-BF09-D1F1F713B6FC}"
EndProject
Project("{FAE04EC0-301F-11D3-BF4B-00C04F79EFBC}") = "Library.API.Tests", "Library.API.Tests\Library.API.Tests.csproj", "{332D51A1-5B2B-4881-B77D-2CB2DF3A900C}"
EndProject
Global
	GlobalSection(SolutionConfigurationPlatforms) = preSolution
		Debug|Any CPU = Debug|Any CPU
		Release|Any CPU = Release|Any CPU
	EndGlobalSection
	GlobalSection(ProjectConfigurationPlatforms) = postSolution
		{4D73E634-FF28-42FC-BF09-D1F1F713B6FC}.Debug|Any CPU.ActiveCfg = Debug|Any CPU
		{4D73E634-FF28-42FC-BF09-D1F1F713B6FC}.Debug|Any CPU.Build.0 = Debug|Any CPU
		{4D73E634-FF28-42FC-BF09-D1F1F713B6FC}.Release|Any CPU.ActiveCfg = Release|Any CPU
		{4D73E634-FF28-42FC-BF09-D1F1F713B6FC}.Release|Any CPU.Build.0 = Release|Any CPU
		{332D51A1-5B2B-4881-B77D-2CB2DF3A900C}.Debug|Any CPU.ActiveCfg = Debug|Any CPU
		{332D51A1-5B2B-4881-B77D-2CB2DF3A900C}.Debug|Any CPU.Build.0 = Debug|Any CPU
		{332D51A1-5B2B-4881-B77D-2CB2DF3A900C}.Release|Any CPU.ActiveCfg = Release|Any CPU
		{332D51A1-5B2B-4881-B77D-2CB2DF3A900C}.Release|Any CPU.Build.0 = Release|Any CPU
	EndGlobalSection
	GlobalSection(SolutionProperties) = preSolution
		HideSolutionNode = FALSE
	EndGlobalSection
	GlobalSection(ExtensibilityGlobals) = postSolution
		SolutionGuid = {516CE555-C11D-4092-ADF8-7C54352644E8}
	EndGlobalSection
EndGlobal
